
Microsoft Visual Studio Solution File, Format Version 12.00
# Visual Studio 14
VisualStudioVersion = 14.0.25420.1
MinimumVisualStudioVersion = 10.0.40219.1
Project("{FAE04EC0-301F-11D3-BF4B-00C04F79EFBC}") = "Transmision.NetWin", "Transmision.NetWin\Transmision.NetWin.csproj", "{BF606A04-7DC4-454A-8291-37ADD3B7FB22}"
EndProject
Project("{FAE04EC0-301F-11D3-BF4B-00C04F79EFBC}") = "Transmision.Net.Basico", "Transmision.Net.Basico\Transmision.Net.Basico.csproj", "{ABC0BD10-7F1D-462B-8010-0E6B0C373848}"
EndProject
Project("{FAE04EC0-301F-11D3-BF4B-00C04F79EFBC}") = "DBF.NET", "DBF.NET\DBF.NET.csproj", "{844D369D-9D2A-4CA3-B3C1-73F477BFBC99}"
EndProject
Project("{FAE04EC0-301F-11D3-BF4B-00C04F79EFBC}") = "GlobalSolucion", "GlobalSolucion\GlobalSolucion.csproj", "{3FD78912-5AE6-4437-A955-5332D25F1D6A}"
EndProject
Project("{FAE04EC0-301F-11D3-BF4B-00C04F79EFBC}") = "ICSharpCode.SharpZLib", "ICSharpCode.SharpZLib\ICSharpCode.SharpZLib.csproj", "{86CCFBBB-3AF7-4D0B-B4D0-6073F8977F73}"
EndProject
Project("{FAE04EC0-301F-11D3-BF4B-00C04F79EFBC}") = "Genera_Transmision", "Genera_Transmision\Genera_Transmision.csproj", "{6FF2D1F5-23BD-4A98-B785-40588CC42263}"
EndProject
Project("{6141683F-8A12-4E36-9623-2EB02B2C2303}") = "Instalador", "Instalador\Instalador.isproj", "{EB0AC398-7007-4609-8C90-84C5CC34A331}"
	ProjectSection(ProjectDependencies) = postProject
		{28781813-AC4C-4034-9551-E46035C231DB} = {28781813-AC4C-4034-9551-E46035C231DB}
		{6FF2D1F5-23BD-4A98-B785-40588CC42263} = {6FF2D1F5-23BD-4A98-B785-40588CC42263}
	EndProjectSection
EndProject
Project("{FAE04EC0-301F-11D3-BF4B-00C04F79EFBC}") = "Activar_Servicio", "Activar_Servicio\Activar_Servicio.csproj", "{28781813-AC4C-4034-9551-E46035C231DB}"
EndProject
Project("{FAE04EC0-301F-11D3-BF4B-00C04F79EFBC}") = "Transmision.NetWin.Update", "Transmision.NetWin.Update\Transmision.NetWin.Update.csproj", "{7236E942-F0C4-4078-97B0-B028A3383758}"
EndProject
Project("{FAE04EC0-301F-11D3-BF4B-00C04F79EFBC}") = "ClickOnceService", "ClickOnceService\ClickOnceService.csproj", "{333EC431-A1A7-4ADB-82A0-D36B952DFF60}"
EndProject
Project("{FAE04EC0-301F-11D3-BF4B-00C04F79EFBC}") = "Transmision.Net.Basico.Oracle", "Transmision.Net.Basico.Oracle\Transmision.Net.Basico.Oracle.csproj", "{8E75D463-5081-4666-BB95-76937124C2BC}"
EndProject
Project("{FAE04EC0-301F-11D3-BF4B-00C04F79EFBC}") = "Transmision.NetWin.Oracle", "Transmision.NetWin.Oracle\Transmision.NetWin.Oracle.csproj", "{0AF0455C-EF96-4876-8D33-13A1A2DE317A}"
EndProject
Project("{FAE04EC0-301F-11D3-BF4B-00C04F79EFBC}") = "Genera_Transmision_Oracle", "Genera_Transmision_Oracle\Genera_Transmision_Oracle.csproj", "{803662A7-4AB0-4C19-99C5-84A1BF0E83FC}"
EndProject
Project("{6141683F-8A12-4E36-9623-2EB02B2C2303}") = "Instalador_Oracle", "Instalador_Oracle\Instalador_Oracle.isproj", "{C0DEE35D-3919-4059-AE69-669827D401AC}"
	ProjectSection(ProjectDependencies) = postProject
		{803662A7-4AB0-4C19-99C5-84A1BF0E83FC} = {803662A7-4AB0-4C19-99C5-84A1BF0E83FC}
	EndProjectSection
EndProject
Project("{54435603-DBB4-11D2-8724-00A0C9A8B90C}") = "Instalador_Oracle_Project", "Instalador_Oracle_Project\Instalador_Oracle_Project.vdproj", "{AE9D97FD-C866-407E-8B0F-F51EDD6EFBBE}"
EndProject
Global
	GlobalSection(SolutionConfigurationPlatforms) = preSolution
		CD_ROM|Any CPU = CD_ROM|Any CPU
		Debug|Any CPU = Debug|Any CPU
		DVD-5|Any CPU = DVD-5|Any CPU
		Release|Any CPU = Release|Any CPU
		SingleImage|Any CPU = SingleImage|Any CPU
	EndGlobalSection
	GlobalSection(ProjectConfigurationPlatforms) = postSolution
		{BF606A04-7DC4-454A-8291-37ADD3B7FB22}.CD_ROM|Any CPU.ActiveCfg = Release|Any CPU
		{BF606A04-7DC4-454A-8291-37ADD3B7FB22}.CD_ROM|Any CPU.Build.0 = Release|Any CPU
		{BF606A04-7DC4-454A-8291-37ADD3B7FB22}.Debug|Any CPU.ActiveCfg = Debug|Any CPU
		{BF606A04-7DC4-454A-8291-37ADD3B7FB22}.Debug|Any CPU.Build.0 = Debug|Any CPU
		{BF606A04-7DC4-454A-8291-37ADD3B7FB22}.DVD-5|Any CPU.ActiveCfg = Debug|Any CPU
		{BF606A04-7DC4-454A-8291-37ADD3B7FB22}.DVD-5|Any CPU.Build.0 = Debug|Any CPU
		{BF606A04-7DC4-454A-8291-37ADD3B7FB22}.Release|Any CPU.ActiveCfg = Release|Any CPU
		{BF606A04-7DC4-454A-8291-37ADD3B7FB22}.Release|Any CPU.Build.0 = Release|Any CPU
		{BF606A04-7DC4-454A-8291-37ADD3B7FB22}.SingleImage|Any CPU.ActiveCfg = Release|Any CPU
		{BF606A04-7DC4-454A-8291-37ADD3B7FB22}.SingleImage|Any CPU.Build.0 = Release|Any CPU
		{ABC0BD10-7F1D-462B-8010-0E6B0C373848}.CD_ROM|Any CPU.ActiveCfg = Release|Any CPU
		{ABC0BD10-7F1D-462B-8010-0E6B0C373848}.CD_ROM|Any CPU.Build.0 = Release|Any CPU
		{ABC0BD10-7F1D-462B-8010-0E6B0C373848}.Debug|Any CPU.ActiveCfg = Debug|Any CPU
		{ABC0BD10-7F1D-462B-8010-0E6B0C373848}.Debug|Any CPU.Build.0 = Debug|Any CPU
		{ABC0BD10-7F1D-462B-8010-0E6B0C373848}.DVD-5|Any CPU.ActiveCfg = Debug|Any CPU
		{ABC0BD10-7F1D-462B-8010-0E6B0C373848}.DVD-5|Any CPU.Build.0 = Debug|Any CPU
		{ABC0BD10-7F1D-462B-8010-0E6B0C373848}.Release|Any CPU.ActiveCfg = Release|Any CPU
		{ABC0BD10-7F1D-462B-8010-0E6B0C373848}.Release|Any CPU.Build.0 = Release|Any CPU
		{ABC0BD10-7F1D-462B-8010-0E6B0C373848}.SingleImage|Any CPU.ActiveCfg = Release|Any CPU
		{ABC0BD10-7F1D-462B-8010-0E6B0C373848}.SingleImage|Any CPU.Build.0 = Release|Any CPU
		{844D369D-9D2A-4CA3-B3C1-73F477BFBC99}.CD_ROM|Any CPU.ActiveCfg = Release|Any CPU
		{844D369D-9D2A-4CA3-B3C1-73F477BFBC99}.CD_ROM|Any CPU.Build.0 = Release|Any CPU
		{844D369D-9D2A-4CA3-B3C1-73F477BFBC99}.Debug|Any CPU.ActiveCfg = Debug|Any CPU
		{844D369D-9D2A-4CA3-B3C1-73F477BFBC99}.Debug|Any CPU.Build.0 = Debug|Any CPU
		{844D369D-9D2A-4CA3-B3C1-73F477BFBC99}.DVD-5|Any CPU.ActiveCfg = Debug|Any CPU
		{844D369D-9D2A-4CA3-B3C1-73F477BFBC99}.DVD-5|Any CPU.Build.0 = Debug|Any CPU
		{844D369D-9D2A-4CA3-B3C1-73F477BFBC99}.Release|Any CPU.ActiveCfg = Release|Any CPU
		{844D369D-9D2A-4CA3-B3C1-73F477BFBC99}.Release|Any CPU.Build.0 = Release|Any CPU
		{844D369D-9D2A-4CA3-B3C1-73F477BFBC99}.SingleImage|Any CPU.ActiveCfg = Release|Any CPU
		{844D369D-9D2A-4CA3-B3C1-73F477BFBC99}.SingleImage|Any CPU.Build.0 = Release|Any CPU
		{3FD78912-5AE6-4437-A955-5332D25F1D6A}.CD_ROM|Any CPU.ActiveCfg = Release|Any CPU
		{3FD78912-5AE6-4437-A955-5332D25F1D6A}.CD_ROM|Any CPU.Build.0 = Release|Any CPU
		{3FD78912-5AE6-4437-A955-5332D25F1D6A}.Debug|Any CPU.ActiveCfg = Debug|Any CPU
		{3FD78912-5AE6-4437-A955-5332D25F1D6A}.Debug|Any CPU.Build.0 = Debug|Any CPU
		{3FD78912-5AE6-4437-A955-5332D25F1D6A}.DVD-5|Any CPU.ActiveCfg = Debug|Any CPU
		{3FD78912-5AE6-4437-A955-5332D25F1D6A}.DVD-5|Any CPU.Build.0 = Debug|Any CPU
		{3FD78912-5AE6-4437-A955-5332D25F1D6A}.Release|Any CPU.ActiveCfg = Release|Any CPU
		{3FD78912-5AE6-4437-A955-5332D25F1D6A}.Release|Any CPU.Build.0 = Release|Any CPU
		{3FD78912-5AE6-4437-A955-5332D25F1D6A}.SingleImage|Any CPU.ActiveCfg = Release|Any CPU
		{3FD78912-5AE6-4437-A955-5332D25F1D6A}.SingleImage|Any CPU.Build.0 = Release|Any CPU
		{86CCFBBB-3AF7-4D0B-B4D0-6073F8977F73}.CD_ROM|Any CPU.ActiveCfg = Release|Any CPU
		{86CCFBBB-3AF7-4D0B-B4D0-6073F8977F73}.CD_ROM|Any CPU.Build.0 = Release|Any CPU
		{86CCFBBB-3AF7-4D0B-B4D0-6073F8977F73}.Debug|Any CPU.ActiveCfg = Debug|Any CPU
		{86CCFBBB-3AF7-4D0B-B4D0-6073F8977F73}.Debug|Any CPU.Build.0 = Debug|Any CPU
		{86CCFBBB-3AF7-4D0B-B4D0-6073F8977F73}.DVD-5|Any CPU.ActiveCfg = Debug|Any CPU
		{86CCFBBB-3AF7-4D0B-B4D0-6073F8977F73}.DVD-5|Any CPU.Build.0 = Debug|Any CPU
		{86CCFBBB-3AF7-4D0B-B4D0-6073F8977F73}.Release|Any CPU.ActiveCfg = Release|Any CPU
		{86CCFBBB-3AF7-4D0B-B4D0-6073F8977F73}.Release|Any CPU.Build.0 = Release|Any CPU
		{86CCFBBB-3AF7-4D0B-B4D0-6073F8977F73}.SingleImage|Any CPU.ActiveCfg = Release|Any CPU
		{86CCFBBB-3AF7-4D0B-B4D0-6073F8977F73}.SingleImage|Any CPU.Build.0 = Release|Any CPU
		{6FF2D1F5-23BD-4A98-B785-40588CC42263}.CD_ROM|Any CPU.ActiveCfg = Release|Any CPU
		{6FF2D1F5-23BD-4A98-B785-40588CC42263}.CD_ROM|Any CPU.Build.0 = Release|Any CPU
		{6FF2D1F5-23BD-4A98-B785-40588CC42263}.Debug|Any CPU.ActiveCfg = Debug|Any CPU
		{6FF2D1F5-23BD-4A98-B785-40588CC42263}.Debug|Any CPU.Build.0 = Debug|Any CPU
		{6FF2D1F5-23BD-4A98-B785-40588CC42263}.DVD-5|Any CPU.ActiveCfg = Debug|Any CPU
		{6FF2D1F5-23BD-4A98-B785-40588CC42263}.DVD-5|Any CPU.Build.0 = Debug|Any CPU
		{6FF2D1F5-23BD-4A98-B785-40588CC42263}.Release|Any CPU.ActiveCfg = Release|Any CPU
		{6FF2D1F5-23BD-4A98-B785-40588CC42263}.Release|Any CPU.Build.0 = Release|Any CPU
		{6FF2D1F5-23BD-4A98-B785-40588CC42263}.SingleImage|Any CPU.ActiveCfg = Release|Any CPU
		{6FF2D1F5-23BD-4A98-B785-40588CC42263}.SingleImage|Any CPU.Build.0 = Release|Any CPU
		{EB0AC398-7007-4609-8C90-84C5CC34A331}.CD_ROM|Any CPU.ActiveCfg = CD_ROM
		{EB0AC398-7007-4609-8C90-84C5CC34A331}.CD_ROM|Any CPU.Build.0 = CD_ROM
		{EB0AC398-7007-4609-8C90-84C5CC34A331}.Debug|Any CPU.ActiveCfg = DVD-5
		{EB0AC398-7007-4609-8C90-84C5CC34A331}.Debug|Any CPU.Build.0 = DVD-5
		{EB0AC398-7007-4609-8C90-84C5CC34A331}.DVD-5|Any CPU.ActiveCfg = DVD-5
		{EB0AC398-7007-4609-8C90-84C5CC34A331}.DVD-5|Any CPU.Build.0 = DVD-5
		{EB0AC398-7007-4609-8C90-84C5CC34A331}.Release|Any CPU.ActiveCfg = SingleImage
		{EB0AC398-7007-4609-8C90-84C5CC34A331}.Release|Any CPU.Build.0 = SingleImage
		{EB0AC398-7007-4609-8C90-84C5CC34A331}.SingleImage|Any CPU.ActiveCfg = SingleImage
		{EB0AC398-7007-4609-8C90-84C5CC34A331}.SingleImage|Any CPU.Build.0 = SingleImage
		{28781813-AC4C-4034-9551-E46035C231DB}.CD_ROM|Any CPU.ActiveCfg = Release|Any CPU
		{28781813-AC4C-4034-9551-E46035C231DB}.CD_ROM|Any CPU.Build.0 = Release|Any CPU
		{28781813-AC4C-4034-9551-E46035C231DB}.Debug|Any CPU.ActiveCfg = Debug|Any CPU
		{28781813-AC4C-4034-9551-E46035C231DB}.Debug|Any CPU.Build.0 = Debug|Any CPU
		{28781813-AC4C-4034-9551-E46035C231DB}.DVD-5|Any CPU.ActiveCfg = Debug|Any CPU
		{28781813-AC4C-4034-9551-E46035C231DB}.DVD-5|Any CPU.Build.0 = Debug|Any CPU
		{28781813-AC4C-4034-9551-E46035C231DB}.Release|Any CPU.ActiveCfg = Release|Any CPU
		{28781813-AC4C-4034-9551-E46035C231DB}.Release|Any CPU.Build.0 = Release|Any CPU
		{28781813-AC4C-4034-9551-E46035C231DB}.SingleImage|Any CPU.ActiveCfg = Release|Any CPU
		{28781813-AC4C-4034-9551-E46035C231DB}.SingleImage|Any CPU.Build.0 = Release|Any CPU
		{7236E942-F0C4-4078-97B0-B028A3383758}.CD_ROM|Any CPU.ActiveCfg = Release|Any CPU
		{7236E942-F0C4-4078-97B0-B028A3383758}.CD_ROM|Any CPU.Build.0 = Release|Any CPU
		{7236E942-F0C4-4078-97B0-B028A3383758}.Debug|Any CPU.ActiveCfg = Debug|Any CPU
		{7236E942-F0C4-4078-97B0-B028A3383758}.Debug|Any CPU.Build.0 = Debug|Any CPU
		{7236E942-F0C4-4078-97B0-B028A3383758}.DVD-5|Any CPU.ActiveCfg = Debug|Any CPU
		{7236E942-F0C4-4078-97B0-B028A3383758}.DVD-5|Any CPU.Build.0 = Debug|Any CPU
		{7236E942-F0C4-4078-97B0-B028A3383758}.Release|Any CPU.ActiveCfg = Release|Any CPU
		{7236E942-F0C4-4078-97B0-B028A3383758}.Release|Any CPU.Build.0 = Release|Any CPU
		{7236E942-F0C4-4078-97B0-B028A3383758}.SingleImage|Any CPU.ActiveCfg = Release|Any CPU
		{7236E942-F0C4-4078-97B0-B028A3383758}.SingleImage|Any CPU.Build.0 = Release|Any CPU
		{333EC431-A1A7-4ADB-82A0-D36B952DFF60}.CD_ROM|Any CPU.ActiveCfg = Release|Any CPU
		{333EC431-A1A7-4ADB-82A0-D36B952DFF60}.CD_ROM|Any CPU.Build.0 = Release|Any CPU
		{333EC431-A1A7-4ADB-82A0-D36B952DFF60}.Debug|Any CPU.ActiveCfg = Debug|Any CPU
		{333EC431-A1A7-4ADB-82A0-D36B952DFF60}.Debug|Any CPU.Build.0 = Debug|Any CPU
		{333EC431-A1A7-4ADB-82A0-D36B952DFF60}.DVD-5|Any CPU.ActiveCfg = Debug|Any CPU
		{333EC431-A1A7-4ADB-82A0-D36B952DFF60}.DVD-5|Any CPU.Build.0 = Debug|Any CPU
		{333EC431-A1A7-4ADB-82A0-D36B952DFF60}.Release|Any CPU.ActiveCfg = Release|Any CPU
		{333EC431-A1A7-4ADB-82A0-D36B952DFF60}.Release|Any CPU.Build.0 = Release|Any CPU
		{333EC431-A1A7-4ADB-82A0-D36B952DFF60}.SingleImage|Any CPU.ActiveCfg = Release|Any CPU
		{333EC431-A1A7-4ADB-82A0-D36B952DFF60}.SingleImage|Any CPU.Build.0 = Release|Any CPU
		{8E75D463-5081-4666-BB95-76937124C2BC}.CD_ROM|Any CPU.ActiveCfg = Release|Any CPU
		{8E75D463-5081-4666-BB95-76937124C2BC}.CD_ROM|Any CPU.Build.0 = Release|Any CPU
		{8E75D463-5081-4666-BB95-76937124C2BC}.Debug|Any CPU.ActiveCfg = Debug|Any CPU
		{8E75D463-5081-4666-BB95-76937124C2BC}.Debug|Any CPU.Build.0 = Debug|Any CPU
		{8E75D463-5081-4666-BB95-76937124C2BC}.DVD-5|Any CPU.ActiveCfg = Debug|Any CPU
		{8E75D463-5081-4666-BB95-76937124C2BC}.DVD-5|Any CPU.Build.0 = Debug|Any CPU
		{8E75D463-5081-4666-BB95-76937124C2BC}.Release|Any CPU.ActiveCfg = Release|Any CPU
		{8E75D463-5081-4666-BB95-76937124C2BC}.Release|Any CPU.Build.0 = Release|Any CPU
		{8E75D463-5081-4666-BB95-76937124C2BC}.SingleImage|Any CPU.ActiveCfg = Release|Any CPU
		{8E75D463-5081-4666-BB95-76937124C2BC}.SingleImage|Any CPU.Build.0 = Release|Any CPU
		{0AF0455C-EF96-4876-8D33-13A1A2DE317A}.CD_ROM|Any CPU.ActiveCfg = Release|Any CPU
		{0AF0455C-EF96-4876-8D33-13A1A2DE317A}.CD_ROM|Any CPU.Build.0 = Release|Any CPU
		{0AF0455C-EF96-4876-8D33-13A1A2DE317A}.Debug|Any CPU.ActiveCfg = Debug|Any CPU
		{0AF0455C-EF96-4876-8D33-13A1A2DE317A}.Debug|Any CPU.Build.0 = Debug|Any CPU
		{0AF0455C-EF96-4876-8D33-13A1A2DE317A}.DVD-5|Any CPU.ActiveCfg = Debug|Any CPU
		{0AF0455C-EF96-4876-8D33-13A1A2DE317A}.DVD-5|Any CPU.Build.0 = Debug|Any CPU
		{0AF0455C-EF96-4876-8D33-13A1A2DE317A}.Release|Any CPU.ActiveCfg = Release|Any CPU
		{0AF0455C-EF96-4876-8D33-13A1A2DE317A}.Release|Any CPU.Build.0 = Release|Any CPU
		{0AF0455C-EF96-4876-8D33-13A1A2DE317A}.SingleImage|Any CPU.ActiveCfg = Release|Any CPU
		{0AF0455C-EF96-4876-8D33-13A1A2DE317A}.SingleImage|Any CPU.Build.0 = Release|Any CPU
		{803662A7-4AB0-4C19-99C5-84A1BF0E83FC}.CD_ROM|Any CPU.ActiveCfg = Release|Any CPU
		{803662A7-4AB0-4C19-99C5-84A1BF0E83FC}.CD_ROM|Any CPU.Build.0 = Release|Any CPU
		{803662A7-4AB0-4C19-99C5-84A1BF0E83FC}.Debug|Any CPU.ActiveCfg = Debug|Any CPU
		{803662A7-4AB0-4C19-99C5-84A1BF0E83FC}.Debug|Any CPU.Build.0 = Debug|Any CPU
		{803662A7-4AB0-4C19-99C5-84A1BF0E83FC}.DVD-5|Any CPU.ActiveCfg = Debug|Any CPU
		{803662A7-4AB0-4C19-99C5-84A1BF0E83FC}.DVD-5|Any CPU.Build.0 = Debug|Any CPU
		{803662A7-4AB0-4C19-99C5-84A1BF0E83FC}.Release|Any CPU.ActiveCfg = Release|Any CPU
		{803662A7-4AB0-4C19-99C5-84A1BF0E83FC}.Release|Any CPU.Build.0 = Release|Any CPU
		{803662A7-4AB0-4C19-99C5-84A1BF0E83FC}.SingleImage|Any CPU.ActiveCfg = Release|Any CPU
		{803662A7-4AB0-4C19-99C5-84A1BF0E83FC}.SingleImage|Any CPU.Build.0 = Release|Any CPU
		{C0DEE35D-3919-4059-AE69-669827D401AC}.CD_ROM|Any CPU.ActiveCfg = CD_ROM
		{C0DEE35D-3919-4059-AE69-669827D401AC}.CD_ROM|Any CPU.Build.0 = CD_ROM
		{C0DEE35D-3919-4059-AE69-669827D401AC}.Debug|Any CPU.ActiveCfg = DVD-5
		{C0DEE35D-3919-4059-AE69-669827D401AC}.Debug|Any CPU.Build.0 = DVD-5
		{C0DEE35D-3919-4059-AE69-669827D401AC}.DVD-5|Any CPU.ActiveCfg = DVD-5
		{C0DEE35D-3919-4059-AE69-669827D401AC}.DVD-5|Any CPU.Build.0 = DVD-5
		{C0DEE35D-3919-4059-AE69-669827D401AC}.Release|Any CPU.ActiveCfg = SingleImage
		{C0DEE35D-3919-4059-AE69-669827D401AC}.Release|Any CPU.Build.0 = SingleImage
		{C0DEE35D-3919-4059-AE69-669827D401AC}.SingleImage|Any CPU.ActiveCfg = SingleImage
		{C0DEE35D-3919-4059-AE69-669827D401AC}.SingleImage|Any CPU.Build.0 = SingleImage
		{AE9D97FD-C866-407E-8B0F-F51EDD6EFBBE}.CD_ROM|Any CPU.ActiveCfg = Release
		{AE9D97FD-C866-407E-8B0F-F51EDD6EFBBE}.Debug|Any CPU.ActiveCfg = Debug
		{AE9D97FD-C866-407E-8B0F-F51EDD6EFBBE}.DVD-5|Any CPU.ActiveCfg = Debug
		{AE9D97FD-C866-407E-8B0F-F51EDD6EFBBE}.Release|Any CPU.ActiveCfg = Release
		{AE9D97FD-C866-407E-8B0F-F51EDD6EFBBE}.SingleImage|Any CPU.ActiveCfg = Release
	EndGlobalSection
	GlobalSection(SolutionProperties) = preSolution
		HideSolutionNode = FALSE
	EndGlobalSection
EndGlobal
